
Microsoft Visual Studio Solution File, Format Version 12.00
# Visual Studio Version 17
VisualStudioVersion = 17.9.34902.65
MinimumVisualStudioVersion = 10.0.40219.1
Project("{9A19103F-16F7-4668-BE54-9A1E7A4F7556}") = "Entities", "Entities\Entities.csproj", "{61620C9C-030A-4451-B974-5DDF72D56CCE}"
EndProject
Project("{9A19103F-16F7-4668-BE54-9A1E7A4F7556}") = "Repository", "Repository\Repository.csproj", "{2EC17D98-AF4D-402D-A7B9-8C407618A655}"
EndProject
Project("{9A19103F-16F7-4668-BE54-9A1E7A4F7556}") = "Services", "Services\Services.csproj", "{701E12A3-395A-437A-A1FA-3AF84A2B2E68}"
EndProject
Project("{9A19103F-16F7-4668-BE54-9A1E7A4F7556}") = "Reminde_API", "Reminde_API\Reminde_API.csproj", "{1B8B10F4-BE74-4270-9605-D82847329004}"
EndProject
Project("{FAE04EC0-301F-11D3-BF4B-00C04F79EFBC}") = "Presentation", "Presentation\Presentation.csproj", "{7CA27996-5775-45F2-A31D-EDD636F14A11}"
EndProject
Global
	GlobalSection(SolutionConfigurationPlatforms) = preSolution
		Debug|Any CPU = Debug|Any CPU
		Release|Any CPU = Release|Any CPU
	EndGlobalSection
	GlobalSection(ProjectConfigurationPlatforms) = postSolution
		{61620C9C-030A-4451-B974-5DDF72D56CCE}.Debug|Any CPU.ActiveCfg = Debug|Any CPU
		{61620C9C-030A-4451-B974-5DDF72D56CCE}.Debug|Any CPU.Build.0 = Debug|Any CPU
		{61620C9C-030A-4451-B974-5DDF72D56CCE}.Release|Any CPU.ActiveCfg = Release|Any CPU
		{61620C9C-030A-4451-B974-5DDF72D56CCE}.Release|Any CPU.Build.0 = Release|Any CPU
		{2EC17D98-AF4D-402D-A7B9-8C407618A655}.Debug|Any CPU.ActiveCfg = Debug|Any CPU
		{2EC17D98-AF4D-402D-A7B9-8C407618A655}.Debug|Any CPU.Build.0 = Debug|Any CPU
		{2EC17D98-AF4D-402D-A7B9-8C407618A655}.Release|Any CPU.ActiveCfg = Release|Any CPU
		{2EC17D98-AF4D-402D-A7B9-8C407618A655}.Release|Any CPU.Build.0 = Release|Any CPU
		{701E12A3-395A-437A-A1FA-3AF84A2B2E68}.Debug|Any CPU.ActiveCfg = Debug|Any CPU
		{701E12A3-395A-437A-A1FA-3AF84A2B2E68}.Debug|Any CPU.Build.0 = Debug|Any CPU
		{701E12A3-395A-437A-A1FA-3AF84A2B2E68}.Release|Any CPU.ActiveCfg = Release|Any CPU
		{701E12A3-395A-437A-A1FA-3AF84A2B2E68}.Release|Any CPU.Build.0 = Release|Any CPU
		{1B8B10F4-BE74-4270-9605-D82847329004}.Debug|Any CPU.ActiveCfg = Debug|Any CPU
		{1B8B10F4-BE74-4270-9605-D82847329004}.Debug|Any CPU.Build.0 = Debug|Any CPU
		{1B8B10F4-BE74-4270-9605-D82847329004}.Release|Any CPU.ActiveCfg = Release|Any CPU
		{1B8B10F4-BE74-4270-9605-D82847329004}.Release|Any CPU.Build.0 = Release|Any CPU
		{7CA27996-5775-45F2-A31D-EDD636F14A11}.Debug|Any CPU.ActiveCfg = Debug|Any CPU
		{7CA27996-5775-45F2-A31D-EDD636F14A11}.Debug|Any CPU.Build.0 = Debug|Any CPU
		{7CA27996-5775-45F2-A31D-EDD636F14A11}.Release|Any CPU.ActiveCfg = Release|Any CPU
		{7CA27996-5775-45F2-A31D-EDD636F14A11}.Release|Any CPU.Build.0 = Release|Any CPU
	EndGlobalSection
	GlobalSection(SolutionProperties) = preSolution
		HideSolutionNode = FALSE
	EndGlobalSection
	GlobalSection(ExtensibilityGlobals) = postSolution
		SolutionGuid = {C4E3DBF8-3293-4D7D-8641-6F001DD86C7F}
	EndGlobalSection
EndGlobal
